
Microsoft Visual Studio Solution File, Format Version 12.00
# Visual Studio Version 16
VisualStudioVersion = 16.0.31229.75
MinimumVisualStudioVersion = 10.0.40219.1
Project("{FAE04EC0-301F-11D3-BF4B-00C04F79EFBC}") = "TestProjectBBC", "TestProjectBBC\TestProjectBBC.csproj", "{9B59A85E-FF48-4B59-AA76-13CAD619834F}"
EndProject
Project("{FAE04EC0-301F-11D3-BF4B-00C04F79EFBC}") = "ServiceLayer", "ServiceLayer\ServiceLayer.csproj", "{AE7DA5E8-F481-4C0A-AF94-F4BF5DEC23A8}"
EndProject
Global
	GlobalSection(SolutionConfigurationPlatforms) = preSolution
		Debug|Any CPU = Debug|Any CPU
		Release|Any CPU = Release|Any CPU
	EndGlobalSection
	GlobalSection(ProjectConfigurationPlatforms) = postSolution
		{9B59A85E-FF48-4B59-AA76-13CAD619834F}.Debug|Any CPU.ActiveCfg = Debug|Any CPU
		{9B59A85E-FF48-4B59-AA76-13CAD619834F}.Debug|Any CPU.Build.0 = Debug|Any CPU
		{9B59A85E-FF48-4B59-AA76-13CAD619834F}.Release|Any CPU.ActiveCfg = Release|Any CPU
		{9B59A85E-FF48-4B59-AA76-13CAD619834F}.Release|Any CPU.Build.0 = Release|Any CPU
		{AE7DA5E8-F481-4C0A-AF94-F4BF5DEC23A8}.Debug|Any CPU.ActiveCfg = Debug|Any CPU
		{AE7DA5E8-F481-4C0A-AF94-F4BF5DEC23A8}.Debug|Any CPU.Build.0 = Debug|Any CPU
		{AE7DA5E8-F481-4C0A-AF94-F4BF5DEC23A8}.Release|Any CPU.ActiveCfg = Release|Any CPU
		{AE7DA5E8-F481-4C0A-AF94-F4BF5DEC23A8}.Release|Any CPU.Build.0 = Release|Any CPU
	EndGlobalSection
	GlobalSection(SolutionProperties) = preSolution
		HideSolutionNode = FALSE
	EndGlobalSection
	GlobalSection(ExtensibilityGlobals) = postSolution
		SolutionGuid = {F603872F-9C86-4B02-A05F-CD62C02E33A0}
	EndGlobalSection
EndGlobal
